
Microsoft Visual Studio Solution File, Format Version 12.00
# Visual Studio 15
VisualStudioVersion = 15.0.27703.2026
MinimumVisualStudioVersion = 10.0.40219.1
Project("{F2A71F9B-5D33-465A-A702-920D77279786}") = "Lazy", "Lazy\Lazy.fsproj", "{21B0767E-60A8-4C89-964A-160E166FC43D}"
EndProject
Project("{F2A71F9B-5D33-465A-A702-920D77279786}") = "Test", "Test\Test.fsproj", "{BE890CFF-8504-4EE0-A3F0-09CD8C06AD06}"
EndProject
Global
	GlobalSection(SolutionConfigurationPlatforms) = preSolution
		Debug|Any CPU = Debug|Any CPU
		Release|Any CPU = Release|Any CPU
	EndGlobalSection
	GlobalSection(ProjectConfigurationPlatforms) = postSolution
		{21B0767E-60A8-4C89-964A-160E166FC43D}.Debug|Any CPU.ActiveCfg = Debug|Any CPU
		{21B0767E-60A8-4C89-964A-160E166FC43D}.Debug|Any CPU.Build.0 = Debug|Any CPU
		{21B0767E-60A8-4C89-964A-160E166FC43D}.Release|Any CPU.ActiveCfg = Release|Any CPU
		{21B0767E-60A8-4C89-964A-160E166FC43D}.Release|Any CPU.Build.0 = Release|Any CPU
		{BE890CFF-8504-4EE0-A3F0-09CD8C06AD06}.Debug|Any CPU.ActiveCfg = Debug|Any CPU
		{BE890CFF-8504-4EE0-A3F0-09CD8C06AD06}.Debug|Any CPU.Build.0 = Debug|Any CPU
		{BE890CFF-8504-4EE0-A3F0-09CD8C06AD06}.Release|Any CPU.ActiveCfg = Release|Any CPU
		{BE890CFF-8504-4EE0-A3F0-09CD8C06AD06}.Release|Any CPU.Build.0 = Release|Any CPU
	EndGlobalSection
	GlobalSection(SolutionProperties) = preSolution
		HideSolutionNode = FALSE
	EndGlobalSection
	GlobalSection(ExtensibilityGlobals) = postSolution
		SolutionGuid = {CD0FC2DD-2081-44A4-A0F3-7CF069DFF43F}
	EndGlobalSection
EndGlobal
